github.com/daved/multimod v1.1.0 h1:Wd4faM0uiawDoIIBE4Q+/GssUxIg3x5HXtSJVMt7PP0=
github.com/daved/multimod v1.1.0/go.mod h1:86Mfg8unudJi88Wv1GOU0EDnjlUxjySl2r377bxT5XI=
github.com/daved/multimod/internal v0.1.0 h1:mSnVsG4Og4hPBLrxxiP4IdSFyfVFBqG6EL5huyL072g=
github.com/daved/multimod/internal v0.1.0/go.mod h1:aXbHmhGokXsQ3r9pEOirAJN92blkALCY9hfsWMPevpc=
